// !$*UTF8*$!
{
	archiveVersion = 1;
	classes = {
	};
	objectVersion = 77;
	objects = {

/* Begin PBXContainerItemProxy section */
		A10000033029D60000424932 /* PBXContainerItemProxy */ = {
			isa = PBXContainerItemProxy;
			containerPortal = 47347D493029D60000424932 /* Project object */;
			proxyType = 1;
			remoteGlobalIDString = 47347D503029D60000424932;
			remoteInfo = Lens;
		};
		B10000033029D60000424932 /* PBXContainerItemProxy */ = {
			isa = PBXContainerItemProxy;
			containerPortal = 47347D493029D60000424932 /* Project object */;
			proxyType = 1;
			remoteGlobalIDString = 47347D503029D60000424932;
			remoteInfo = Lens;
		};
/* End PBXContainerItemProxy section */

/* Begin PBXFileReference section */
		47347D513029D60000424932 /* Lens.app */ = {isa = PBXFileReference; explicitFileType = wrapper.application; includeInIndex = 0; path = Lens.app; sourceTree = BUILT_PRODUCTS_DIR; };
		A10000013029D60000424932 /* LensTests.xctest */ = {isa = PBXFileReference; explicitFileType = wrapper.cfbundle; includeInIndex = 0; path = LensTests.xctest; sourceTree = BUILT_PRODUCTS_DIR; };
		B10000013029D60000424932 /* LensUITests.xctest */ = {isa = PBXFileReference; explicitFileType = wrapper.cfbundle; includeInIndex = 0; path = LensUITests.xctest; sourceTree = BUILT_PRODUCTS_DIR; };
/* End PBXFileReference section */

/* Begin PBXFileSystemSynchronizedRootGroup section */
		47347D533029D60000424932 /* Lens */ = {
			isa = PBXFileSystemSynchronizedRootGroup;
			path = Lens;
			sourceTree = "<group>";
		};
		A10000023029D60000424932 /* LensTests */ = {
			isa = PBXFileSystemSynchronizedRootGroup;
			path = LensTests;
			sourceTree = "<group>";
		};
		B10000023029D60000424932 /* LensUITests */ = {
			isa = PBXFileSystemSynchronizedRootGroup;
			path = LensUITests;
			sourceTree = "<group>";
		};
/* End PBXFileSystemSynchronizedRootGroup section */

/* Begin PBXFrameworksBuildPhase section */
		47347D4E3029D60000424932 /* Frameworks */ = {
			isa = PBXFrameworksBuildPhase;
			buildActionMask = 2147483647;
			files = (
			);
			runOnlyForDeploymentPostprocessing = 0;
		};
		A10000043029D60000424932 /* Frameworks */ = {
			isa = PBXFrameworksBuildPhase;
			buildActionMask = 2147483647;
			files = (
			);
			runOnlyForDeploymentPostprocessing = 0;
		};
		B10000043029D60000424932 /* Frameworks */ = {
			isa = PBXFrameworksBuildPhase;
			buildActionMask = 2147483647;
			files = (
			);
			runOnlyForDeploymentPostprocessing = 0;
		};
/* End PBXFrameworksBuildPhase section */

/* Begin PBXGroup section */
		47347D483029D60000424932 = {
			isa = PBXGroup;
			children = (
				47347D533029D60000424932 /* Lens */,
				A10000023029D60000424932 /* LensTests */,
				B10000023029D60000424932 /* LensUITests */,
				47347D523029D60000424932 /* Products */,
			);
			sourceTree = "<group>";
		};
		47347D523029D60000424932 /* Products */ = {
			isa = PBXGroup;
			children = (
				47347D513029D60000424932 /* Lens.app */,
				A10000013029D60000424932 /* LensTests.xctest */,
				B10000013029D60000424932 /* LensUITests.xctest */,
			);
			name = Products;
			sourceTree = "<group>";
		};
/* End PBXGroup section */

/* Begin PBXNativeTarget section */
		47347D503029D60000424932 /* Lens */ = {
			isa = PBXNativeTarget;
			buildConfigurationList = 47347D5C3029D60100424932 /* Build configuration list for PBXNativeTarget "Lens" */;
			buildPhases = (
				47347D4D3029D60000424932 /* Sources */,
				47347D4E3029D60000424932 /* Frameworks */,
				47347D4F3029D60000424932 /* Resources */,
				C10000013029D60000424932 /* Embed mitmproxy Runtime */,
				C10000023029D60000424932 /* Embed Android Platform Tools */,
				C10000033029D60000424932 /* Embed Android Inspector Agent */,
				C10000043029D60000424932 /* Embed Lens Operator Skill */,
			);
			buildRules = (
			);
			dependencies = (
			);
			fileSystemSynchronizedGroups = (
				47347D533029D60000424932 /* Lens */,
			);
			name = Lens;
			packageProductDependencies = (
			);
			productName = Lens;
			productReference = 47347D513029D60000424932 /* Lens.app */;
			productType = "com.apple.product-type.application";
		};
		A10000053029D60000424932 /* LensTests */ = {
			isa = PBXNativeTarget;
			buildConfigurationList = A100000D3029D60000424932 /* Build configuration list for PBXNativeTarget "LensTests" */;
			buildPhases = (
				A10000063029D60000424932 /* Sources */,
				A10000043029D60000424932 /* Frameworks */,
				A10000073029D60000424932 /* Resources */,
			);
			buildRules = (
			);
			dependencies = (
				A10000083029D60000424932 /* PBXTargetDependency */,
			);
			fileSystemSynchronizedGroups = (
				A10000023029D60000424932 /* LensTests */,
			);
			name = LensTests;
			packageProductDependencies = (
			);
			productName = LensTests;
			productReference = A10000013029D60000424932 /* LensTests.xctest */;
			productType = "com.apple.product-type.bundle.unit-test";
		};
		B10000053029D60000424932 /* LensUITests */ = {
			isa = PBXNativeTarget;
			buildConfigurationList = B100000D3029D60000424932 /* Build configuration list for PBXNativeTarget "LensUITests" */;
			buildPhases = (
				B10000063029D60000424932 /* Sources */,
				B10000043029D60000424932 /* Frameworks */,
				B10000073029D60000424932 /* Resources */,
			);
			buildRules = (
			);
			dependencies = (
				B10000083029D60000424932 /* PBXTargetDependency */,
			);
			fileSystemSynchronizedGroups = (
				B10000023029D60000424932 /* LensUITests */,
			);
			name = LensUITests;
			packageProductDependencies = (
			);
			productName = LensUITests;
			productReference = B10000013029D60000424932 /* LensUITests.xctest */;
			productType = "com.apple.product-type.bundle.ui-testing";
		};
/* End PBXNativeTarget section */

/* Begin PBXProject section */
		47347D493029D60000424932 /* Project object */ = {
			isa = PBXProject;
			attributes = {
				BuildIndependentTargetsInParallel = 1;
				LastSwiftUpdateCheck = 2660;
				LastUpgradeCheck = 2660;
				TargetAttributes = {
					47347D503029D60000424932 = {
						CreatedOnToolsVersion = 26.6;
					};
					A10000053029D60000424932 = {
						CreatedOnToolsVersion = 26.6;
						TestTargetID = 47347D503029D60000424932;
					};
					B10000053029D60000424932 = {
						CreatedOnToolsVersion = 26.6;
						TestTargetID = 47347D503029D60000424932;
					};
				};
			};
			buildConfigurationList = 47347D4C3029D60000424932 /* Build configuration list for PBXProject "Lens" */;
			developmentRegion = en;
			hasScannedForEncodings = 0;
			knownRegions = (
				en,
				Base,
			);
			mainGroup = 47347D483029D60000424932;
			minimizedProjectReferenceProxies = 1;
			preferredProjectObjectVersion = 77;
			productRefGroup = 47347D523029D60000424932 /* Products */;
			projectDirPath = "";
			projectRoot = "";
			targets = (
				47347D503029D60000424932 /* Lens */,
				A10000053029D60000424932 /* LensTests */,
				B10000053029D60000424932 /* LensUITests */,
			);
		};
/* End PBXProject section */

/* Begin PBXResourcesBuildPhase section */
		47347D4F3029D60000424932 /* Resources */ = {
			isa = PBXResourcesBuildPhase;
			buildActionMask = 2147483647;
			files = (
			);
			runOnlyForDeploymentPostprocessing = 0;
		};
		A10000073029D60000424932 /* Resources */ = {
			isa = PBXResourcesBuildPhase;
			buildActionMask = 2147483647;
			files = (
			);
			runOnlyForDeploymentPostprocessing = 0;
		};
		B10000073029D60000424932 /* Resources */ = {
			isa = PBXResourcesBuildPhase;
			buildActionMask = 2147483647;
			files = (
			);
			runOnlyForDeploymentPostprocessing = 0;
		};
/* End PBXResourcesBuildPhase section */

/* Begin PBXShellScriptBuildPhase section */
		C10000013029D60000424932 /* Embed mitmproxy Runtime */ = {
			isa = PBXShellScriptBuildPhase;
			buildActionMask = 2147483647;
			files = (
			);
			inputFileListPaths = (
			);
			inputPaths = (
				"$(SRCROOT)/Scripts/embed_mitmproxy.sh",
				"$(SRCROOT)/Vendor/mitmproxy-12.2.3-macos-arm64.zip",
			);
			name = "Embed mitmproxy Runtime";
			outputFileListPaths = (
			);
			outputPaths = (
				"$(TARGET_BUILD_DIR)/$(CONTENTS_FOLDER_PATH)/Helpers/mitmproxy.app",
			);
			runOnlyForDeploymentPostprocessing = 0;
			shellPath = /bin/bash;
			shellScript = "\"$SRCROOT/Scripts/embed_mitmproxy.sh\"\n";
			showEnvVarsInLog = 0;
		};
		C10000023029D60000424932 /* Embed Android Platform Tools */ = {
			isa = PBXShellScriptBuildPhase;
			alwaysOutOfDate = 0;
			buildActionMask = 2147483647;
			files = (
			);
			inputFileListPaths = (
			);
			inputPaths = (
				"$(SRCROOT)/Scripts/embed_android_platform_tools.sh",
				"$(SRCROOT)/Vendor/platform-tools-37.0.1-darwin.zip",
			);
			name = "Embed Android Platform Tools";
			outputFileListPaths = (
			);
			outputPaths = (
				"$(TARGET_BUILD_DIR)/$(CONTENTS_FOLDER_PATH)/Helpers/platform-tools",
				"$(TARGET_BUILD_DIR)/$(UNLOCALIZED_RESOURCES_FOLDER_PATH)/AndroidPlatformTools",
			);
			runOnlyForDeploymentPostprocessing = 0;
			shellPath = /bin/bash;
			shellScript = "\"$SRCROOT/Scripts/embed_android_platform_tools.sh\"\n";
			showEnvVarsInLog = 0;
		};
		C10000033029D60000424932 /* Embed Android Inspector Agent */ = {
			isa = PBXShellScriptBuildPhase;
			alwaysOutOfDate = 0;
			buildActionMask = 2147483647;
			files = (
			);
			inputFileListPaths = (
			);
			inputPaths = (
				"$(SRCROOT)/Scripts/embed_android_inspector_agent.sh",
				"$(SRCROOT)/Vendor/lens-android-inspector-1.zip",
			);
			name = "Embed Android Inspector Agent";
			outputFileListPaths = (
			);
			outputPaths = (
				"$(TARGET_BUILD_DIR)/$(CONTENTS_FOLDER_PATH)/Helpers/android-inspector",
			);
			runOnlyForDeploymentPostprocessing = 0;
			shellPath = /bin/bash;
			shellScript = "\"$SRCROOT/Scripts/embed_android_inspector_agent.sh\"\n";
			showEnvVarsInLog = 0;
		};
		C10000043029D60000424932 /* Embed Lens Operator Skill */ = {
			isa = PBXShellScriptBuildPhase;
			alwaysOutOfDate = 1;
			buildActionMask = 2147483647;
			files = (
			);
			inputFileListPaths = (
			);
			inputPaths = (
				"$(SRCROOT)/Scripts/embed_agent_skill.sh",
				"$(SRCROOT)/Skills/lens-operator/SKILL.md",
				"$(SRCROOT)/Skills/lens-operator/agents/openai.yaml",
				"$(SRCROOT)/Skills/lens-operator/scripts/lensctl",
				"$(SRCROOT)/Skills/lens-operator/references/api.md",
				"$(SRCROOT)/Skills/lens-operator/references/workflows.md",
			);
			name = "Embed Lens Operator Skill";
			outputFileListPaths = (
			);
			outputPaths = (
				"$(TARGET_BUILD_DIR)/$(UNLOCALIZED_RESOURCES_FOLDER_PATH)/AgentSkills/lens-operator/SKILL.md",
				"$(TARGET_BUILD_DIR)/$(UNLOCALIZED_RESOURCES_FOLDER_PATH)/AgentSkills/lens-operator/agents/openai.yaml",
				"$(TARGET_BUILD_DIR)/$(UNLOCALIZED_RESOURCES_FOLDER_PATH)/AgentSkills/lens-operator/scripts/lensctl",
				"$(TARGET_BUILD_DIR)/$(UNLOCALIZED_RESOURCES_FOLDER_PATH)/AgentSkills/lens-operator/references/api.md",
				"$(TARGET_BUILD_DIR)/$(UNLOCALIZED_RESOURCES_FOLDER_PATH)/AgentSkills/lens-operator/references/workflows.md",
			);
			runOnlyForDeploymentPostprocessing = 0;
			shellPath = /bin/bash;
			shellScript = "\"$SRCROOT/Scripts/embed_agent_skill.sh\"\n";
			showEnvVarsInLog = 0;
		};
/* End PBXShellScriptBuildPhase section */

/* Begin PBXSourcesBuildPhase section */
		47347D4D3029D60000424932 /* Sources */ = {
			isa = PBXSourcesBuildPhase;
			buildActionMask = 2147483647;
			files = (
			);
			runOnlyForDeploymentPostprocessing = 0;
		};
		A10000063029D60000424932 /* Sources */ = {
			isa = PBXSourcesBuildPhase;
			buildActionMask = 2147483647;
			files = (
			);
			runOnlyForDeploymentPostprocessing = 0;
		};
		B10000063029D60000424932 /* Sources */ = {
			isa = PBXSourcesBuildPhase;
			buildActionMask = 2147483647;
			files = (
			);
			runOnlyForDeploymentPostprocessing = 0;
		};
/* End PBXSourcesBuildPhase section */

/* Begin PBXTargetDependency section */
		A10000083029D60000424932 /* PBXTargetDependency */ = {
			isa = PBXTargetDependency;
			target = 47347D503029D60000424932 /* Lens */;
			targetProxy = A10000033029D60000424932 /* PBXContainerItemProxy */;
		};
		B10000083029D60000424932 /* PBXTargetDependency */ = {
			isa = PBXTargetDependency;
			target = 47347D503029D60000424932 /* Lens */;
			targetProxy = B10000033029D60000424932 /* PBXContainerItemProxy */;
		};
/* End PBXTargetDependency section */

/* Begin XCBuildConfiguration section */
		47347D5A3029D60100424932 /* Debug */ = {
			isa = XCBuildConfiguration;
			buildSettings = {
				ALWAYS_SEARCH_USER_PATHS = NO;
				ASSETCATALOG_COMPILER_GENERATE_SWIFT_ASSET_SYMBOL_EXTENSIONS = YES;
				CLANG_ANALYZER_NONNULL = YES;
				CLANG_ANALYZER_NUMBER_OBJECT_CONVERSION = YES_AGGRESSIVE;
				CLANG_CXX_LANGUAGE_STANDARD = "gnu++20";
				CLANG_ENABLE_MODULES = YES;
				CLANG_ENABLE_OBJC_ARC = YES;
				CLANG_ENABLE_OBJC_WEAK = YES;
				CLANG_WARN_BLOCK_CAPTURE_AUTORELEASING = YES;
				CLANG_WARN_BOOL_CONVERSION = YES;
				CLANG_WARN_COMMA = YES;
				CLANG_WARN_CONSTANT_CONVERSION = YES;
				CLANG_WARN_DEPRECATED_OBJC_IMPLEMENTATIONS = YES;
				CLANG_WARN_DIRECT_OBJC_ISA_USAGE = YES_ERROR;
				CLANG_WARN_DOCUMENTATION_COMMENTS = YES;
				CLANG_WARN_EMPTY_BODY = YES;
				CLANG_WARN_ENUM_CONVERSION = YES;
				CLANG_WARN_INFINITE_RECURSION = YES;
				CLANG_WARN_INT_CONVERSION = YES;
				CLANG_WARN_NON_LITERAL_NULL_CONVERSION = YES;
				CLANG_WARN_OBJC_IMPLICIT_RETAIN_SELF = YES;
				CLANG_WARN_OBJC_LITERAL_CONVERSION = YES;
				CLANG_WARN_OBJC_ROOT_CLASS = YES_ERROR;
				CLANG_WARN_QUOTED_INCLUDE_IN_FRAMEWORK_HEADER = YES;
				CLANG_WARN_RANGE_LOOP_ANALYSIS = YES;
				CLANG_WARN_STRICT_PROTOTYPES = YES;
				CLANG_WARN_SUSPICIOUS_MOVE = YES;
				CLANG_WARN_UNGUARDED_AVAILABILITY = YES_AGGRESSIVE;
				CLANG_WARN_UNREACHABLE_CODE = YES;
				CLANG_WARN__DUPLICATE_METHOD_MATCH = YES;
				COPY_PHASE_STRIP = NO;
				DEBUG_INFORMATION_FORMAT = dwarf;
				ENABLE_STRICT_OBJC_MSGSEND = YES;
				ENABLE_TESTABILITY = YES;
				ENABLE_USER_SCRIPT_SANDBOXING = YES;
				GCC_C_LANGUAGE_STANDARD = gnu17;
				GCC_DYNAMIC_NO_PIC = NO;
				GCC_NO_COMMON_BLOCKS = YES;
				GCC_OPTIMIZATION_LEVEL = 0;
				GCC_PREPROCESSOR_DEFINITIONS = (
					"DEBUG=1",
					"$(inherited)",
				);
				GCC_WARN_64_TO_32_BIT_CONVERSION = YES;
				GCC_WARN_ABOUT_RETURN_TYPE = YES_ERROR;
				GCC_WARN_UNDECLARED_SELECTOR = YES;
				GCC_WARN_UNINITIALIZED_AUTOS = YES_AGGRESSIVE;
				GCC_WARN_UNUSED_FUNCTION = YES;
				GCC_WARN_UNUSED_VARIABLE = YES;
				LOCALIZATION_PREFERS_STRING_CATALOGS = YES;
				MACOSX_DEPLOYMENT_TARGET = 26.5;
				MTL_ENABLE_DEBUG_INFO = INCLUDE_SOURCE;
				MTL_FAST_MATH = YES;
				ONLY_ACTIVE_ARCH = YES;
				SDKROOT = macosx;
				SWIFT_ACTIVE_COMPILATION_CONDITIONS = "DEBUG $(inherited)";
				SWIFT_OPTIMIZATION_LEVEL = "-Onone";
			};
			name = Debug;
		};
		47347D5B3029D60100424932 /* Release */ = {
			isa = XCBuildConfiguration;
			buildSettings = {
				ALWAYS_SEARCH_USER_PATHS = NO;
				ASSETCATALOG_COMPILER_GENERATE_SWIFT_ASSET_SYMBOL_EXTENSIONS = YES;
				CLANG_ANALYZER_NONNULL = YES;
				CLANG_ANALYZER_NUMBER_OBJECT_CONVERSION = YES_AGGRESSIVE;
				CLANG_CXX_LANGUAGE_STANDARD = "gnu++20";
				CLANG_ENABLE_MODULES = YES;
				CLANG_ENABLE_OBJC_ARC = YES;
				CLANG_ENABLE_OBJC_WEAK = YES;
				CLANG_WARN_BLOCK_CAPTURE_AUTORELEASING = YES;
				CLANG_WARN_BOOL_CONVERSION = YES;
				CLANG_WARN_COMMA = YES;
				CLANG_WARN_CONSTANT_CONVERSION = YES;
				CLANG_WARN_DEPRECATED_OBJC_IMPLEMENTATIONS = YES;
				CLANG_WARN_DIRECT_OBJC_ISA_USAGE = YES_ERROR;
				CLANG_WARN_DOCUMENTATION_COMMENTS = YES;
				CLANG_WARN_EMPTY_BODY = YES;
				CLANG_WARN_ENUM_CONVERSION = YES;
				CLANG_WARN_INFINITE_RECURSION = YES;
				CLANG_WARN_INT_CONVERSION = YES;
				CLANG_WARN_NON_LITERAL_NULL_CONVERSION = YES;
				CLANG_WARN_OBJC_IMPLICIT_RETAIN_SELF = YES;
				CLANG_WARN_OBJC_LITERAL_CONVERSION = YES;
				CLANG_WARN_OBJC_ROOT_CLASS = YES_ERROR;
				CLANG_WARN_QUOTED_INCLUDE_IN_FRAMEWORK_HEADER = YES;
				CLANG_WARN_RANGE_LOOP_ANALYSIS = YES;
				CLANG_WARN_STRICT_PROTOTYPES = YES;
				CLANG_WARN_SUSPICIOUS_MOVE = YES;
				CLANG_WARN_UNGUARDED_AVAILABILITY = YES_AGGRESSIVE;
				CLANG_WARN_UNREACHABLE_CODE = YES;
				CLANG_WARN__DUPLICATE_METHOD_MATCH = YES;
				COPY_PHASE_STRIP = NO;
				DEBUG_INFORMATION_FORMAT = "dwarf-with-dsym";
				ENABLE_NS_ASSERTIONS = NO;
				ENABLE_STRICT_OBJC_MSGSEND = YES;
				ENABLE_USER_SCRIPT_SANDBOXING = YES;
				GCC_C_LANGUAGE_STANDARD = gnu17;
				GCC_NO_COMMON_BLOCKS = YES;
				GCC_WARN_64_TO_32_BIT_CONVERSION = YES;
				GCC_WARN_ABOUT_RETURN_TYPE = YES_ERROR;
				GCC_WARN_UNDECLARED_SELECTOR = YES;
				GCC_WARN_UNINITIALIZED_AUTOS = YES_AGGRESSIVE;
				GCC_WARN_UNUSED_FUNCTION = YES;
				GCC_WARN_UNUSED_VARIABLE = YES;
				LOCALIZATION_PREFERS_STRING_CATALOGS = YES;
				MACOSX_DEPLOYMENT_TARGET = 26.5;
				MTL_ENABLE_DEBUG_INFO = NO;
				MTL_FAST_MATH = YES;
				SDKROOT = macosx;
				SWIFT_COMPILATION_MODE = wholemodule;
			};
			name = Release;
		};
		47347D5D3029D60100424932 /* Debug */ = {
			isa = XCBuildConfiguration;
			buildSettings = {
				ARCHS = arm64;
				ASSETCATALOG_COMPILER_APPICON_NAME = lens_icon;
				ASSETCATALOG_COMPILER_GLOBAL_ACCENT_COLOR_NAME = AccentColor;
				CODE_SIGN_STYLE = Automatic;
				COMBINE_HIDPI_IMAGES = YES;
				CURRENT_PROJECT_VERSION = 1;
				ENABLE_APP_SANDBOX = NO;
				ENABLE_HARDENED_RUNTIME = YES;
				ENABLE_PREVIEWS = YES;
				ENABLE_USER_SELECTED_FILES = readonly;
				GENERATE_INFOPLIST_FILE = YES;
				INFOPLIST_KEY_NSHumanReadableCopyright = "";
				LD_RUNPATH_SEARCH_PATHS = (
					"$(inherited)",
					"@executable_path/../Frameworks",
				);
				MARKETING_VERSION = 1.0;
				PRODUCT_BUNDLE_IDENTIFIER = com.lenskart.lens.Lens;
				PRODUCT_NAME = "$(TARGET_NAME)";
				REGISTER_APP_GROUPS = YES;
				STRING_CATALOG_GENERATE_SYMBOLS = YES;
				SWIFT_APPROACHABLE_CONCURRENCY = YES;
				SWIFT_EMIT_LOC_STRINGS = YES;
				SWIFT_UPCOMING_FEATURE_MEMBER_IMPORT_VISIBILITY = YES;
				SWIFT_VERSION = 6.0;
			};
			name = Debug;
		};
		47347D5E3029D60100424932 /* Release */ = {
			isa = XCBuildConfiguration;
			buildSettings = {
				ARCHS = arm64;
				ASSETCATALOG_COMPILER_APPICON_NAME = lens_icon;
				ASSETCATALOG_COMPILER_GLOBAL_ACCENT_COLOR_NAME = AccentColor;
				CODE_SIGN_STYLE = Automatic;
				CODE_SIGN_INJECT_BASE_ENTITLEMENTS = NO;
				COMBINE_HIDPI_IMAGES = YES;
				CURRENT_PROJECT_VERSION = 1;
				ENABLE_APP_SANDBOX = NO;
				ENABLE_HARDENED_RUNTIME = YES;
				ENABLE_PREVIEWS = YES;
				ENABLE_USER_SELECTED_FILES = readonly;
				GENERATE_INFOPLIST_FILE = YES;
				INFOPLIST_KEY_NSHumanReadableCopyright = "";
				LD_RUNPATH_SEARCH_PATHS = (
					"$(inherited)",
					"@executable_path/../Frameworks",
				);
				MARKETING_VERSION = 1.0;
				PRODUCT_BUNDLE_IDENTIFIER = com.lenskart.lens.Lens;
				PRODUCT_NAME = "$(TARGET_NAME)";
				REGISTER_APP_GROUPS = YES;
				STRING_CATALOG_GENERATE_SYMBOLS = YES;
				SWIFT_APPROACHABLE_CONCURRENCY = YES;
				SWIFT_EMIT_LOC_STRINGS = YES;
				SWIFT_UPCOMING_FEATURE_MEMBER_IMPORT_VISIBILITY = YES;
				SWIFT_VERSION = 6.0;
			};
			name = Release;
		};
		A10000093029D60000424932 /* Debug */ = {
			isa = XCBuildConfiguration;
			buildSettings = {
				BUNDLE_LOADER = "$(TEST_HOST)";
				CODE_SIGN_STYLE = Automatic;
				CURRENT_PROJECT_VERSION = 1;
				GENERATE_INFOPLIST_FILE = YES;
				PRODUCT_BUNDLE_IDENTIFIER = com.lenskart.lens.LensTests;
				PRODUCT_NAME = "$(TARGET_NAME)";
				SWIFT_VERSION = 6.0;
				TEST_HOST = "$(BUILT_PRODUCTS_DIR)/Lens.app/Contents/MacOS/Lens";
			};
			name = Debug;
		};
		A100000A3029D60000424932 /* Release */ = {
			isa = XCBuildConfiguration;
			buildSettings = {
				BUNDLE_LOADER = "$(TEST_HOST)";
				CODE_SIGN_STYLE = Automatic;
				CURRENT_PROJECT_VERSION = 1;
				GENERATE_INFOPLIST_FILE = YES;
				PRODUCT_BUNDLE_IDENTIFIER = com.lenskart.lens.LensTests;
				PRODUCT_NAME = "$(TARGET_NAME)";
				SWIFT_VERSION = 6.0;
				TEST_HOST = "$(BUILT_PRODUCTS_DIR)/Lens.app/Contents/MacOS/Lens";
			};
			name = Release;
		};
		B10000093029D60000424932 /* Debug */ = {
			isa = XCBuildConfiguration;
			buildSettings = {
				CODE_SIGN_STYLE = Automatic;
				CURRENT_PROJECT_VERSION = 1;
				GENERATE_INFOPLIST_FILE = YES;
				PRODUCT_BUNDLE_IDENTIFIER = com.lenskart.lens.LensUITests;
				PRODUCT_NAME = "$(TARGET_NAME)";
				SWIFT_VERSION = 6.0;
				TEST_TARGET_NAME = Lens;
			};
			name = Debug;
		};
		B100000A3029D60000424932 /* Release */ = {
			isa = XCBuildConfiguration;
			buildSettings = {
				CODE_SIGN_STYLE = Automatic;
				CURRENT_PROJECT_VERSION = 1;
				GENERATE_INFOPLIST_FILE = YES;
				PRODUCT_BUNDLE_IDENTIFIER = com.lenskart.lens.LensUITests;
				PRODUCT_NAME = "$(TARGET_NAME)";
				SWIFT_VERSION = 6.0;
				TEST_TARGET_NAME = Lens;
			};
			name = Release;
		};
/* End XCBuildConfiguration section */

/* Begin XCConfigurationList section */
		47347D4C3029D60000424932 /* Build configuration list for PBXProject "Lens" */ = {
			isa = XCConfigurationList;
			buildConfigurations = (
				47347D5A3029D60100424932 /* Debug */,
				47347D5B3029D60100424932 /* Release */,
			);
			defaultConfigurationIsVisible = 0;
			defaultConfigurationName = Release;
		};
		47347D5C3029D60100424932 /* Build configuration list for PBXNativeTarget "Lens" */ = {
			isa = XCConfigurationList;
			buildConfigurations = (
				47347D5D3029D60100424932 /* Debug */,
				47347D5E3029D60100424932 /* Release */,
			);
			defaultConfigurationIsVisible = 0;
			defaultConfigurationName = Release;
		};
		A100000D3029D60000424932 /* Build configuration list for PBXNativeTarget "LensTests" */ = {
			isa = XCConfigurationList;
			buildConfigurations = (
				A10000093029D60000424932 /* Debug */,
				A100000A3029D60000424932 /* Release */,
			);
			defaultConfigurationIsVisible = 0;
			defaultConfigurationName = Release;
		};
		B100000D3029D60000424932 /* Build configuration list for PBXNativeTarget "LensUITests" */ = {
			isa = XCConfigurationList;
			buildConfigurations = (
				B10000093029D60000424932 /* Debug */,
				B100000A3029D60000424932 /* Release */,
			);
			defaultConfigurationIsVisible = 0;
			defaultConfigurationName = Release;
		};
/* End XCConfigurationList section */
	};
	rootObject = 47347D493029D60000424932 /* Project object */;
}
